
Microsoft Visual Studio Solution File, Format Version 12.00
# Visual Studio 15
Project("{FAE04EC0-301F-11D3-BF4B-00C04F79EFBC}") = "2dTest", "2dTest.csproj", "{3CFAB133-A42D-2767-AAB3-299F593CC78E}"
EndProject
Project("{FAE04EC0-301F-11D3-BF4B-00C04F79EFBC}") = "2dTest.Editor", "2dTest.Editor.csproj", "{898EA293-CBFF-0C39-3D12-DCC856A1C3B9}"
EndProject
Global
	GlobalSection(SolutionConfigurationPlatforms) = preSolution
		Debug|Any CPU = Debug|Any CPU
		Release|Any CPU = Release|Any CPU
	EndGlobalSection
	GlobalSection(ProjectConfigurationPlatforms) = postSolution
		{3CFAB133-A42D-2767-AAB3-299F593CC78E}.Debug|Any CPU.ActiveCfg = Debug|Any CPU
		{3CFAB133-A42D-2767-AAB3-299F593CC78E}.Debug|Any CPU.Build.0 = Debug|Any CPU
		{3CFAB133-A42D-2767-AAB3-299F593CC78E}.Release|Any CPU.ActiveCfg = Release|Any CPU
		{3CFAB133-A42D-2767-AAB3-299F593CC78E}.Release|Any CPU.Build.0 = Release|Any CPU
		{898EA293-CBFF-0C39-3D12-DCC856A1C3B9}.Debug|Any CPU.ActiveCfg = Debug|Any CPU
		{898EA293-CBFF-0C39-3D12-DCC856A1C3B9}.Debug|Any CPU.Build.0 = Debug|Any CPU
		{898EA293-CBFF-0C39-3D12-DCC856A1C3B9}.Release|Any CPU.ActiveCfg = Release|Any CPU
		{898EA293-CBFF-0C39-3D12-DCC856A1C3B9}.Release|Any CPU.Build.0 = Release|Any CPU
	EndGlobalSection
	GlobalSection(SolutionProperties) = preSolution
		HideSolutionNode = FALSE
	EndGlobalSection
EndGlobal
